Microsoft Visual Studio Solution File, Format Version 12.00
# Visual Studio Version 17
VisualStudioVersion = 17.5.2.0
MinimumVisualStudioVersion = 10.0.40219.1
Project("{FAE04EC0-301F-11D3-BF4B-00C04F79EFBC}") = "Desafio5", "Desafio5.csproj", "{F172CD2F-9169-1998-9C08-6A8B83BFA9D2}"
EndProject
Global
	GlobalSection(SolutionConfigurationPlatforms) = preSolution
		Debug|Any CPU = Debug|Any CPU
		Release|Any CPU = Release|Any CPU
	EndGlobalSection
	GlobalSection(ProjectConfigurationPlatforms) = postSolution
		{F172CD2F-9169-1998-9C08-6A8B83BFA9D2}.Debug|Any CPU.ActiveCfg = Debug|Any CPU
		{F172CD2F-9169-1998-9C08-6A8B83BFA9D2}.Debug|Any CPU.Build.0 = Debug|Any CPU
		{F172CD2F-9169-1998-9C08-6A8B83BFA9D2}.Release|Any CPU.ActiveCfg = Release|Any CPU
		{F172CD2F-9169-1998-9C08-6A8B83BFA9D2}.Release|Any CPU.Build.0 = Release|Any CPU
	EndGlobalSection
	GlobalSection(SolutionProperties) = preSolution
		HideSolutionNode = FALSE
	EndGlobalSection
	GlobalSection(ExtensibilityGlobals) = postSolution
		SolutionGuid = {B7213F83-7917-4E96-B845-AFC2BD40DFEC}
	EndGlobalSection
EndGlobal
